
Microsoft Visual Studio Solution File, Format Version 12.00
# Visual Studio Version 17
VisualStudioVersion = 17.5.002.0
MinimumVisualStudioVersion = 10.0.40219.1
Project("{9A19103F-16F7-4668-BE54-9A1E7A4F7556}") = "CourseApp3", "CourseApp3.csproj", "{09DCCA57-EF41-4892-89BA-92EB4D44B636}"
EndProject
Global
	GlobalSection(SolutionConfigurationPlatforms) = preSolution
		Debug|Any CPU = Debug|Any CPU
		Release|Any CPU = Release|Any CPU
	EndGlobalSection
	GlobalSection(ProjectConfigurationPlatforms) = postSolution
		{09DCCA57-EF41-4892-89BA-92EB4D44B636}.Debug|Any CPU.ActiveCfg = Debug|Any CPU
		{09DCCA57-EF41-4892-89BA-92EB4D44B636}.Debug|Any CPU.Build.0 = Debug|Any CPU
		{09DCCA57-EF41-4892-89BA-92EB4D44B636}.Release|Any CPU.ActiveCfg = Release|Any CPU
		{09DCCA57-EF41-4892-89BA-92EB4D44B636}.Release|Any CPU.Build.0 = Release|Any CPU
	EndGlobalSection
	GlobalSection(SolutionProperties) = preSolution
		HideSolutionNode = FALSE
	EndGlobalSection
	GlobalSection(ExtensibilityGlobals) = postSolution
		SolutionGuid = {213ED94E-8249-4B97-B65B-620FAD661CA5}
	EndGlobalSection
EndGlobal
